
Microsoft Visual Studio Solution File, Format Version 12.00
# Visual Studio 15
Project("{FAE04EC0-301F-11D3-BF4B-00C04F79EFBC}") = "Assembly-CSharp", "Assembly-CSharp.csproj", "{CF372D0C-DF17-711C-4F6D-3C2B66152453}"
EndProject
Global
	GlobalSection(SolutionConfigurationPlatforms) = preSolution
		Debug|Any CPU = Debug|Any CPU
		Release|Any CPU = Release|Any CPU
	EndGlobalSection
	GlobalSection(ProjectConfigurationPlatforms) = postSolution
		{CF372D0C-DF17-711C-4F6D-3C2B66152453}.Debug|Any CPU.ActiveCfg = Debug|Any CPU
		{CF372D0C-DF17-711C-4F6D-3C2B66152453}.Debug|Any CPU.Build.0 = Debug|Any CPU
		{CF372D0C-DF17-711C-4F6D-3C2B66152453}.Release|Any CPU.ActiveCfg = Release|Any CPU
		{CF372D0C-DF17-711C-4F6D-3C2B66152453}.Release|Any CPU.Build.0 = Release|Any CPU
	EndGlobalSection
	GlobalSection(SolutionProperties) = preSolution
		HideSolutionNode = FALSE
	EndGlobalSection
EndGlobal
